
Microsoft Visual Studio Solution File, Format Version 12.00
# Visual Studio Version 17
VisualStudioVersion = 17.10.35027.167
MinimumVisualStudioVersion = 10.0.40219.1
Project("{9A19103F-16F7-4668-BE54-9A1E7A4F7556}") = "Veyrin.Cli", "src\Veyrin.Cli\Veyrin.Cli.csproj", "{A7A85817-8E9F-4EB1-B581-6370F625624A}"
EndProject
Project("{2150E333-8FDC-42A3-9474-1A3956D46DE8}") = "src", "src", "{F266D7CC-1773-47B5-8721-2556625C14CD}"
EndProject
Project("{9A19103F-16F7-4668-BE54-9A1E7A4F7556}") = "Veyrin.Core", "src\Veyrin.Core\Veyrin.Core.csproj", "{965F1474-4307-4E42-8E1D-A354ED78AEB4}"
EndProject
Project("{9A19103F-16F7-4668-BE54-9A1E7A4F7556}") = "Veyrin.Data", "src\Veyrin.Data\Veyrin.Data.csproj", "{D0BD9422-44D8-43CA-9261-6FCCD0964FB0}"
EndProject
Project("{9A19103F-16F7-4668-BE54-9A1E7A4F7556}") = "Veyrin.Pulse", "src\Veyrin.Pulse\Veyrin.Pulse.csproj", "{B5FFBB7C-0ECC-443E-92F4-4EE0D714E013}"
EndProject
Project("{9A19103F-16F7-4668-BE54-9A1E7A4F7556}") = "Veyrin.DevKit", "src\Veyrin.DevKit\Veyrin.DevKit.csproj", "{A4E2B023-3FF5-42AD-A420-51620AC5D0C2}"
EndProject
Project("{9A19103F-16F7-4668-BE54-9A1E7A4F7556}") = "Veyrin.Config", "src\Veyrin.Config\Veyrin.Config.csproj", "{0BD1F922-5E46-44D8-943A-050FD14575FD}"
EndProject
Project("{9A19103F-16F7-4668-BE54-9A1E7A4F7556}") = "Veyrin.Extend", "src\Veyrin.Extend\Veyrin.Extend.csproj", "{A993A544-8B0E-4B35-BD50-21310B2D7B79}"
EndProject
Project("{2150E333-8FDC-42A3-9474-1A3956D46DE8}") = "example", "example", "{F906114B-6E59-4C1D-986F-01E191979938}"
EndProject
Project("{9A19103F-16F7-4668-BE54-9A1E7A4F7556}") = "Veyrin.Demo", "example\Veyrin.Demo\Veyrin.Demo.csproj", "{1AE2834D-4C56-463A-A63D-E96FB9AC68A4}"
EndProject
Project("{9A19103F-16F7-4668-BE54-9A1E7A4F7556}") = "Veyrin.Scribe.Core", "src\Veyrin.Scribe\Core\Veyrin.Scribe.Core.csproj", "{3FCC5F48-57D5-42BB-983F-4EB4A80CA67B}"
EndProject
Project("{9A19103F-16F7-4668-BE54-9A1E7A4F7556}") = "Veyrin.Vista", "src\Veyrin.Vista\Veyrin.Vista.csproj", "{381E713C-A036-4EF1-AD10-272387064665}"
EndProject
Project("{9A19103F-16F7-4668-BE54-9A1E7A4F7556}") = "Veyrin.Scribe.NPOI", "src\Veyrin.Scribe\NPOI\Veyrin.Scribe.NPOI.csproj", "{B70AD4E2-BE37-4D55-9032-8E5FDE420C96}"
EndProject
Project("{9A19103F-16F7-4668-BE54-9A1E7A4F7556}") = "Veyrin.Scribe.Excel.ClosedXML", "src\Veyrin.Scribe\Excel.ClosedXML\Veyrin.Scribe.Excel.ClosedXML.csproj", "{760EAEF0-860B-4F21-8115-1C0144116A74}"
EndProject
Project("{9A19103F-16F7-4668-BE54-9A1E7A4F7556}") = "Veyrin.Scribe.Excel.EPPlus", "src\Veyrin.Scribe\Excel.EPPlus\Veyrin.Scribe.Excel.EPPlus.csproj", "{DEA086F6-4244-4A03-BEDE-76B2234AB09B}"
EndProject
Project("{9A19103F-16F7-4668-BE54-9A1E7A4F7556}") = "Veyrin.Scribe.OpenXML", "src\Veyrin.Scribe\OpenXML\Veyrin.Scribe.OpenXML.csproj", "{A13257F6-F21D-4F59-AB52-A43EC4FE2463}"
EndProject
Project("{9A19103F-16F7-4668-BE54-9A1E7A4F7556}") = "Veyrin.Scribe.Pdf.iText7", "src\Veyrin.Scribe\Pdf.iText7\Veyrin.Scribe.Pdf.iText7.csproj", "{E5DC3E1E-A225-4EC2-BD48-CD9FB1B89D71}"
EndProject
Project("{9A19103F-16F7-4668-BE54-9A1E7A4F7556}") = "Veyrin.Scribe.Pdf.PdfSharp", "src\Veyrin.Scribe\Pdf.PdfSharp\Veyrin.Scribe.Pdf.PdfSharp.csproj", "{351D1835-3BC4-427A-A896-CC46269AB00F}"
EndProject
Project("{9A19103F-16F7-4668-BE54-9A1E7A4F7556}") = "Veyrin.Scribe.Text.Csv", "src\Veyrin.Scribe\Text.Csv\Veyrin.Scribe.Text.Csv.csproj", "{5A9950AC-907D-4691-B791-D6FB9CFFD2BC}"
EndProject
Project("{9A19103F-16F7-4668-BE54-9A1E7A4F7556}") = "Veyrin.Scribe.Word.DocX", "src\Veyrin.Scribe\Word.DocX\Veyrin.Scribe.Word.DocX.csproj", "{EBB5B617-1B11-4826-9BF6-BA4D85799890}"
EndProject
Project("{FAE04EC0-301F-11D3-BF4B-00C04F79EFBC}") = "Veyrin.Testing", "src\Veyrin.Testing\Veyrin.Testing.csproj", "{25874BAF-D5B3-4E04-B6F3-34E6380D8985}"
EndProject
Global
	GlobalSection(SolutionConfigurationPlatforms) = preSolution
		Debug|Any CPU = Debug|Any CPU
		Release|Any CPU = Release|Any CPU
	EndGlobalSection
	GlobalSection(ProjectConfigurationPlatforms) = postSolution
		{A7A85817-8E9F-4EB1-B581-6370F625624A}.Debug|Any CPU.ActiveCfg = Debug|Any CPU
		{A7A85817-8E9F-4EB1-B581-6370F625624A}.Debug|Any CPU.Build.0 = Debug|Any CPU
		{A7A85817-8E9F-4EB1-B581-6370F625624A}.Release|Any CPU.ActiveCfg = Release|Any CPU
		{A7A85817-8E9F-4EB1-B581-6370F625624A}.Release|Any CPU.Build.0 = Release|Any CPU
		{965F1474-4307-4E42-8E1D-A354ED78AEB4}.Debug|Any CPU.ActiveCfg = Debug|Any CPU
		{965F1474-4307-4E42-8E1D-A354ED78AEB4}.Debug|Any CPU.Build.0 = Debug|Any CPU
		{965F1474-4307-4E42-8E1D-A354ED78AEB4}.Release|Any CPU.ActiveCfg = Release|Any CPU
		{965F1474-4307-4E42-8E1D-A354ED78AEB4}.Release|Any CPU.Build.0 = Release|Any CPU
		{D0BD9422-44D8-43CA-9261-6FCCD0964FB0}.Debug|Any CPU.ActiveCfg = Debug|Any CPU
		{D0BD9422-44D8-43CA-9261-6FCCD0964FB0}.Debug|Any CPU.Build.0 = Debug|Any CPU
		{D0BD9422-44D8-43CA-9261-6FCCD0964FB0}.Release|Any CPU.ActiveCfg = Release|Any CPU
		{D0BD9422-44D8-43CA-9261-6FCCD0964FB0}.Release|Any CPU.Build.0 = Release|Any CPU
		{B5FFBB7C-0ECC-443E-92F4-4EE0D714E013}.Debug|Any CPU.ActiveCfg = Debug|Any CPU
		{B5FFBB7C-0ECC-443E-92F4-4EE0D714E013}.Debug|Any CPU.Build.0 = Debug|Any CPU
		{B5FFBB7C-0ECC-443E-92F4-4EE0D714E013}.Release|Any CPU.ActiveCfg = Release|Any CPU
		{B5FFBB7C-0ECC-443E-92F4-4EE0D714E013}.Release|Any CPU.Build.0 = Release|Any CPU
		{A4E2B023-3FF5-42AD-A420-51620AC5D0C2}.Debug|Any CPU.ActiveCfg = Debug|Any CPU
		{A4E2B023-3FF5-42AD-A420-51620AC5D0C2}.Debug|Any CPU.Build.0 = Debug|Any CPU
		{A4E2B023-3FF5-42AD-A420-51620AC5D0C2}.Release|Any CPU.ActiveCfg = Release|Any CPU
		{A4E2B023-3FF5-42AD-A420-51620AC5D0C2}.Release|Any CPU.Build.0 = Release|Any CPU
		{0BD1F922-5E46-44D8-943A-050FD14575FD}.Debug|Any CPU.ActiveCfg = Debug|Any CPU
		{0BD1F922-5E46-44D8-943A-050FD14575FD}.Debug|Any CPU.Build.0 = Debug|Any CPU
		{0BD1F922-5E46-44D8-943A-050FD14575FD}.Release|Any CPU.ActiveCfg = Release|Any CPU
		{0BD1F922-5E46-44D8-943A-050FD14575FD}.Release|Any CPU.Build.0 = Release|Any CPU
		{A993A544-8B0E-4B35-BD50-21310B2D7B79}.Debug|Any CPU.ActiveCfg = Debug|Any CPU
		{A993A544-8B0E-4B35-BD50-21310B2D7B79}.Debug|Any CPU.Build.0 = Debug|Any CPU
		{A993A544-8B0E-4B35-BD50-21310B2D7B79}.Release|Any CPU.ActiveCfg = Release|Any CPU
		{A993A544-8B0E-4B35-BD50-21310B2D7B79}.Release|Any CPU.Build.0 = Release|Any CPU
		{1AE2834D-4C56-463A-A63D-E96FB9AC68A4}.Debug|Any CPU.ActiveCfg = Debug|Any CPU
		{1AE2834D-4C56-463A-A63D-E96FB9AC68A4}.Debug|Any CPU.Build.0 = Debug|Any CPU
		{1AE2834D-4C56-463A-A63D-E96FB9AC68A4}.Release|Any CPU.ActiveCfg = Release|Any CPU
		{1AE2834D-4C56-463A-A63D-E96FB9AC68A4}.Release|Any CPU.Build.0 = Release|Any CPU
		{3FCC5F48-57D5-42BB-983F-4EB4A80CA67B}.Debug|Any CPU.ActiveCfg = Debug|Any CPU
		{3FCC5F48-57D5-42BB-983F-4EB4A80CA67B}.Debug|Any CPU.Build.0 = Debug|Any CPU
		{3FCC5F48-57D5-42BB-983F-4EB4A80CA67B}.Release|Any CPU.ActiveCfg = Release|Any CPU
		{3FCC5F48-57D5-42BB-983F-4EB4A80CA67B}.Release|Any CPU.Build.0 = Release|Any CPU
		{381E713C-A036-4EF1-AD10-272387064665}.Debug|Any CPU.ActiveCfg = Debug|Any CPU
		{381E713C-A036-4EF1-AD10-272387064665}.Debug|Any CPU.Build.0 = Debug|Any CPU
		{381E713C-A036-4EF1-AD10-272387064665}.Release|Any CPU.ActiveCfg = Release|Any CPU
		{381E713C-A036-4EF1-AD10-272387064665}.Release|Any CPU.Build.0 = Release|Any CPU
		{B70AD4E2-BE37-4D55-9032-8E5FDE420C96}.Debug|Any CPU.ActiveCfg = Debug|Any CPU
		{B70AD4E2-BE37-4D55-9032-8E5FDE420C96}.Debug|Any CPU.Build.0 = Debug|Any CPU
		{B70AD4E2-BE37-4D55-9032-8E5FDE420C96}.Release|Any CPU.ActiveCfg = Release|Any CPU
		{B70AD4E2-BE37-4D55-9032-8E5FDE420C96}.Release|Any CPU.Build.0 = Release|Any CPU
		{760EAEF0-860B-4F21-8115-1C0144116A74}.Debug|Any CPU.ActiveCfg = Debug|Any CPU
		{760EAEF0-860B-4F21-8115-1C0144116A74}.Debug|Any CPU.Build.0 = Debug|Any CPU
		{760EAEF0-860B-4F21-8115-1C0144116A74}.Release|Any CPU.ActiveCfg = Release|Any CPU
		{760EAEF0-860B-4F21-8115-1C0144116A74}.Release|Any CPU.Build.0 = Release|Any CPU
		{DEA086F6-4244-4A03-BEDE-76B2234AB09B}.Debug|Any CPU.ActiveCfg = Debug|Any CPU
		{DEA086F6-4244-4A03-BEDE-76B2234AB09B}.Debug|Any CPU.Build.0 = Debug|Any CPU
		{DEA086F6-4244-4A03-BEDE-76B2234AB09B}.Release|Any CPU.ActiveCfg = Release|Any CPU
		{DEA086F6-4244-4A03-BEDE-76B2234AB09B}.Release|Any CPU.Build.0 = Release|Any CPU
		{A13257F6-F21D-4F59-AB52-A43EC4FE2463}.Debug|Any CPU.ActiveCfg = Debug|Any CPU
		{A13257F6-F21D-4F59-AB52-A43EC4FE2463}.Debug|Any CPU.Build.0 = Debug|Any CPU
		{A13257F6-F21D-4F59-AB52-A43EC4FE2463}.Release|Any CPU.ActiveCfg = Release|Any CPU
		{A13257F6-F21D-4F59-AB52-A43EC4FE2463}.Release|Any CPU.Build.0 = Release|Any CPU
		{E5DC3E1E-A225-4EC2-BD48-CD9FB1B89D71}.Debug|Any CPU.ActiveCfg = Debug|Any CPU
		{E5DC3E1E-A225-4EC2-BD48-CD9FB1B89D71}.Debug|Any CPU.Build.0 = Debug|Any CPU
		{E5DC3E1E-A225-4EC2-BD48-CD9FB1B89D71}.Release|Any CPU.ActiveCfg = Release|Any CPU
		{E5DC3E1E-A225-4EC2-BD48-CD9FB1B89D71}.Release|Any CPU.Build.0 = Release|Any CPU
		{351D1835-3BC4-427A-A896-CC46269AB00F}.Debug|Any CPU.ActiveCfg = Debug|Any CPU
		{351D1835-3BC4-427A-A896-CC46269AB00F}.Debug|Any CPU.Build.0 = Debug|Any CPU
		{351D1835-3BC4-427A-A896-CC46269AB00F}.Release|Any CPU.ActiveCfg = Release|Any CPU
		{351D1835-3BC4-427A-A896-CC46269AB00F}.Release|Any CPU.Build.0 = Release|Any CPU
		{5A9950AC-907D-4691-B791-D6FB9CFFD2BC}.Debug|Any CPU.ActiveCfg = Debug|Any CPU
		{5A9950AC-907D-4691-B791-D6FB9CFFD2BC}.Debug|Any CPU.Build.0 = Debug|Any CPU
		{5A9950AC-907D-4691-B791-D6FB9CFFD2BC}.Release|Any CPU.ActiveCfg = Release|Any CPU
		{5A9950AC-907D-4691-B791-D6FB9CFFD2BC}.Release|Any CPU.Build.0 = Release|Any CPU
		{EBB5B617-1B11-4826-9BF6-BA4D85799890}.Debug|Any CPU.ActiveCfg = Debug|Any CPU
		{EBB5B617-1B11-4826-9BF6-BA4D85799890}.Debug|Any CPU.Build.0 = Debug|Any CPU
		{EBB5B617-1B11-4826-9BF6-BA4D85799890}.Release|Any CPU.ActiveCfg = Release|Any CPU
		{EBB5B617-1B11-4826-9BF6-BA4D85799890}.Release|Any CPU.Build.0 = Release|Any CPU
		{25874BAF-D5B3-4E04-B6F3-34E6380D8985}.Debug|Any CPU.ActiveCfg = Debug|Any CPU
		{25874BAF-D5B3-4E04-B6F3-34E6380D8985}.Debug|Any CPU.Build.0 = Debug|Any CPU
		{25874BAF-D5B3-4E04-B6F3-34E6380D8985}.Release|Any CPU.ActiveCfg = Release|Any CPU
		{25874BAF-D5B3-4E04-B6F3-34E6380D8985}.Release|Any CPU.Build.0 = Release|Any CPU
	EndGlobalSection
	GlobalSection(SolutionProperties) = preSolution
		HideSolutionNode = FALSE
	EndGlobalSection
	GlobalSection(NestedProjects) = preSolution
		{A7A85817-8E9F-4EB1-B581-6370F625624A} = {F266D7CC-1773-47B5-8721-2556625C14CD}
		{965F1474-4307-4E42-8E1D-A354ED78AEB4} = {F266D7CC-1773-47B5-8721-2556625C14CD}
		{D0BD9422-44D8-43CA-9261-6FCCD0964FB0} = {F266D7CC-1773-47B5-8721-2556625C14CD}
		{B5FFBB7C-0ECC-443E-92F4-4EE0D714E013} = {F266D7CC-1773-47B5-8721-2556625C14CD}
		{A4E2B023-3FF5-42AD-A420-51620AC5D0C2} = {F266D7CC-1773-47B5-8721-2556625C14CD}
		{0BD1F922-5E46-44D8-943A-050FD14575FD} = {F266D7CC-1773-47B5-8721-2556625C14CD}
		{A993A544-8B0E-4B35-BD50-21310B2D7B79} = {F266D7CC-1773-47B5-8721-2556625C14CD}
		{1AE2834D-4C56-463A-A63D-E96FB9AC68A4} = {F906114B-6E59-4C1D-986F-01E191979938}
		{3FCC5F48-57D5-42BB-983F-4EB4A80CA67B} = {F266D7CC-1773-47B5-8721-2556625C14CD}
		{381E713C-A036-4EF1-AD10-272387064665} = {F266D7CC-1773-47B5-8721-2556625C14CD}
		{B70AD4E2-BE37-4D55-9032-8E5FDE420C96} = {F266D7CC-1773-47B5-8721-2556625C14CD}
		{760EAEF0-860B-4F21-8115-1C0144116A74} = {F266D7CC-1773-47B5-8721-2556625C14CD}
		{DEA086F6-4244-4A03-BEDE-76B2234AB09B} = {F266D7CC-1773-47B5-8721-2556625C14CD}
		{A13257F6-F21D-4F59-AB52-A43EC4FE2463} = {F266D7CC-1773-47B5-8721-2556625C14CD}
		{E5DC3E1E-A225-4EC2-BD48-CD9FB1B89D71} = {F266D7CC-1773-47B5-8721-2556625C14CD}
		{351D1835-3BC4-427A-A896-CC46269AB00F} = {F266D7CC-1773-47B5-8721-2556625C14CD}
		{5A9950AC-907D-4691-B791-D6FB9CFFD2BC} = {F266D7CC-1773-47B5-8721-2556625C14CD}
		{EBB5B617-1B11-4826-9BF6-BA4D85799890} = {F266D7CC-1773-47B5-8721-2556625C14CD}
		{25874BAF-D5B3-4E04-B6F3-34E6380D8985} = {F266D7CC-1773-47B5-8721-2556625C14CD}
	EndGlobalSection
	GlobalSection(ExtensibilityGlobals) = postSolution
		SolutionGuid = {97EEDAE0-CA99-4527-AB84-DEDE3A8CB525}
	EndGlobalSection
EndGlobal
